// !$*UTF8*$!
{
	archiveVersion = 1;
	classes = {
	};
	objectVersion = 56;
	objects = {

/* Begin PBXBuildFile section */
		A98532B72BC185BD00DDC065 /* muscleApp.swift in Sources */ = {isa = PBXBuildFile; fileRef = A98532B62BC185BD00DDC065 /* muscleApp.swift */; };
		A98532B92BC185BD00DDC065 /* ContentView.swift in Sources */ = {isa = PBXBuildFile; fileRef = A98532B82BC185BD00DDC065 /* ContentView.swift */; };
		A98532BB2BC185BD00DDC065 /* Item.swift in Sources */ = {isa = PBXBuildFile; fileRef = A98532BA2BC185BD00DDC065 /* Item.swift */; };
		A98532BD2BC185BF00DDC065 /* Assets.xcassets in Resources */ = {isa = PBXBuildFile; fileRef = A98532BC2BC185BF00DDC065 /* Assets.xcassets */; };
		A98532C02BC185BF00DDC065 /* Preview Assets.xcassets in Resources */ = {isa = PBXBuildFile; fileRef = A98532BF2BC185BF00DDC065 /* Preview Assets.xcassets */; };
		A98532CC2BC185BF00DDC065 /* muscleTests.swift in Sources */ = {isa = PBXBuildFile; fileRef = A98532CB2BC185BF00DDC065 /* muscleTests.swift */; };
		A98532D62BC185BF00DDC065 /* muscleUITests.swift in Sources */ = {isa = PBXBuildFile; fileRef = A98532D52BC185BF00DDC065 /* muscleUITests.swift */; };
		A98532D82BC185BF00DDC065 /* muscleUITestsLaunchTests.swift in Sources */ = {isa = PBXBuildFile; fileRef = A98532D72BC185BF00DDC065 /* muscleUITestsLaunchTests.swift */; };
/* End PBXBuildFile section */

/* Begin PBXContainerItemProxy section */
		A98532C82BC185BF00DDC065 /* PBXContainerItemProxy */ = {
			isa = PBXContainerItemProxy;
			containerPortal = A98532AB2BC185BD00DDC065 /* Project object */;
			proxyType = 1;
			remoteGlobalIDString = A98532B22BC185BD00DDC065;
			remoteInfo = muscle;
		};
		A98532D22BC185BF00DDC065 /* PBXContainerItemProxy */ = {
			isa = PBXContainerItemProxy;
			containerPortal = A98532AB2BC185BD00DDC065 /* Project object */;
			proxyType = 1;
			remoteGlobalIDString = A98532B22BC185BD00DDC065;
			remoteInfo = muscle;
		};
/* End PBXContainerItemProxy section */

/* Begin PBXFileReference section */
		A98532B32BC185BD00DDC065 /* muscle.app */ = {isa = PBXFileReference; explicitFileType = wrapper.application; includeInIndex = 0; path = muscle.app; sourceTree = BUILT_PRODUCTS_DIR; };
		A98532B62BC185BD00DDC065 /* muscleApp.swift */ = {isa = PBXFileReference; lastKnownFileType = sourcecode.swift; path = muscleApp.swift; sourceTree = "<group>"; };
		A98532B82BC185BD00DDC065 /* ContentView.swift */ = {isa = PBXFileReference; lastKnownFileType = sourcecode.swift; path = ContentView.swift; sourceTree = "<group>"; };
		A98532BA2BC185BD00DDC065 /* Item.swift */ = {isa = PBXFileReference; lastKnownFileType = sourcecode.swift; path = Item.swift; sourceTree = "<group>"; };
		A98532BC2BC185BF00DDC065 /* Assets.xcassets */ = {isa = PBXFileReference; lastKnownFileType = folder.assetcatalog; path = Assets.xcassets; sourceTree = "<group>"; };
		A98532BF2BC185BF00DDC065 /* Preview Assets.xcassets */ = {isa = PBXFileReference; lastKnownFileType = folder.assetcatalog; path = "Preview Assets.xcassets"; sourceTree = "<group>"; };
		A98532C12BC185BF00DDC065 /* muscle.entitlements */ = {isa = PBXFileReference; lastKnownFileType = text.plist.entitlements; path = muscle.entitlements; sourceTree = "<group>"; };
		A98532C22BC185BF00DDC065 /* Info.plist */ = {isa = PBXFileReference; lastKnownFileType = text.plist.xml; path = Info.plist; sourceTree = "<group>"; };
		A98532C72BC185BF00DDC065 /* muscleTests.xctest */ = {isa = PBXFileReference; explicitFileType = wrapper.cfbundle; includeInIndex = 0; path = muscleTests.xctest; sourceTree = BUILT_PRODUCTS_DIR; };
		A98532CB2BC185BF00DDC065 /* muscleTests.swift */ = {isa = PBXFileReference; lastKnownFileType = sourcecode.swift; path = muscleTests.swift; sourceTree = "<group>"; };
		A98532D12BC185BF00DDC065 /* muscleUITests.xctest */ = {isa = PBXFileReference; explicitFileType = wrapper.cfbundle; includeInIndex = 0; path = muscleUITests.xctest; sourceTree = BUILT_PRODUCTS_DIR; };
		A98532D52BC185BF00DDC065 /* muscleUITests.swift */ = {isa = PBXFileReference; lastKnownFileType = sourcecode.swift; path = muscleUITests.swift; sourceTree = "<group>"; };
		A98532D72BC185BF00DDC065 /* muscleUITestsLaunchTests.swift */ = {isa = PBXFileReference; lastKnownFileType = sourcecode.swift; path = muscleUITestsLaunchTests.swift; sourceTree = "<group>"; };
/* End PBXFileReference section */

/* Begin PBXFrameworksBuildPhase section */
		A98532B02BC185BD00DDC065 /* Frameworks */ = {
			isa = PBXFrameworksBuildPhase;
			buildActionMask = 2147483647;
			files = (
			);
			runOnlyForDeploymentPostprocessing = 0;
		};
		A98532C42BC185BF00DDC065 /* Frameworks */ = {
			isa = PBXFrameworksBuildPhase;
			buildActionMask = 2147483647;
			files = (
			);
			runOnlyForDeploymentPostprocessing = 0;
		};
		A98532CE2BC185BF00DDC065 /* Frameworks */ = {
			isa = PBXFrameworksBuildPhase;
			buildActionMask = 2147483647;
			files = (
			);
			runOnlyForDeploymentPostprocessing = 0;
		};
/* End PBXFrameworksBuildPhase section */

/* Begin PBXGroup section */
		A98532AA2BC185BD00DDC065 = {
			isa = PBXGroup;
			children = (
				A98532B52BC185BD00DDC065 /* muscle */,
				A98532CA2BC185BF00DDC065 /* muscleTests */,
				A98532D42BC185BF00DDC065 /* muscleUITests */,
				A98532B42BC185BD00DDC065 /* Products */,
			);
			sourceTree = "<group>";
		};
		A98532B42BC185BD00DDC065 /* Products */ = {
			isa = PBXGroup;
			children = (
				A98532B32BC185BD00DDC065 /* muscle.app */,
				A98532C72BC185BF00DDC065 /* muscleTests.xctest */,
				A98532D12BC185BF00DDC065 /* muscleUITests.xctest */,
			);
			name = Products;
			sourceTree = "<group>";
		};
		A98532B52BC185BD00DDC065 /* muscle */ = {
			isa = PBXGroup;
			children = (
				A98532B62BC185BD00DDC065 /* muscleApp.swift */,
				A98532B82BC185BD00DDC065 /* ContentView.swift */,
				A98532BA2BC185BD00DDC065 /* Item.swift */,
				A98532BC2BC185BF00DDC065 /* Assets.xcassets */,
				A98532C12BC185BF00DDC065 /* muscle.entitlements */,
				A98532C22BC185BF00DDC065 /* Info.plist */,
				A98532BE2BC185BF00DDC065 /* Preview Content */,
			);
			path = muscle;
			sourceTree = "<group>";
		};
		A98532BE2BC185BF00DDC065 /* Preview Content */ = {
			isa = PBXGroup;
			children = (
				A98532BF2BC185BF00DDC065 /* Preview Assets.xcassets */,
			);
			path = "Preview Content";
			sourceTree = "<group>";
		};
		A98532CA2BC185BF00DDC065 /* muscleTests */ = {
			isa = PBXGroup;
			children = (
				A98532CB2BC185BF00DDC065 /* muscleTests.swift */,
			);
			path = muscleTests;
			sourceTree = "<group>";
		};
		A98532D42BC185BF00DDC065 /* muscleUITests */ = {
			isa = PBXGroup;
			children = (
				A98532D52BC185BF00DDC065 /* muscleUITests.swift */,
				A98532D72BC185BF00DDC065 /* muscleUITestsLaunchTests.swift */,
			);
			path = muscleUITests;
			sourceTree = "<group>";
		};
/* End PBXGroup section */

/* Begin PBXNativeTarget section */
		A98532B22BC185BD00DDC065 /* muscle */ = {
			isa = PBXNativeTarget;
			buildConfigurationList = A98532DB2BC185BF00DDC065 /* Build configuration list for PBXNativeTarget "muscle" */;
			buildPhases = (
				A98532AF2BC185BD00DDC065 /* Sources */,
				A98532B02BC185BD00DDC065 /* Frameworks */,
				A98532B12BC185BD00DDC065 /* Resources */,
			);
			buildRules = (
			);
			dependencies = (
			);
			name = muscle;
			productName = muscle;
			productReference = A98532B32BC185BD00DDC065 /* muscle.app */;
			productType = "com.apple.product-type.application";
		};
		A98532C62BC185BF00DDC065 /* muscleTests */ = {
			isa = PBXNativeTarget;
			buildConfigurationList = A98532DE2BC185BF00DDC065 /* Build configuration list for PBXNativeTarget "muscleTests" */;
			buildPhases = (
				A98532C32BC185BF00DDC065 /* Sources */,
				A98532C42BC185BF00DDC065 /* Frameworks */,
				A98532C52BC185BF00DDC065 /* Resources */,
			);
			buildRules = (
			);
			dependencies = (
				A98532C92BC185BF00DDC065 /* PBXTargetDependency */,
			);
			name = muscleTests;
			productName = muscleTests;
			productReference = A98532C72BC185BF00DDC065 /* muscleTests.xctest */;
			productType = "com.apple.product-type.bundle.unit-test";
		};
		A98532D02BC185BF00DDC065 /* muscleUITests */ = {
			isa = PBXNativeTarget;
			buildConfigurationList = A98532E12BC185BF00DDC065 /* Build configuration list for PBXNativeTarget "muscleUITests" */;
			buildPhases = (
				A98532CD2BC185BF00DDC065 /* Sources */,
				A98532CE2BC185BF00DDC065 /* Frameworks */,
				A98532CF2BC185BF00DDC065 /* Resources */,
			);
			buildRules = (
			);
			dependencies = (
				A98532D32BC185BF00DDC065 /* PBXTargetDependency */,
			);
			name = muscleUITests;
			productName = muscleUITests;
			productReference = A98532D12BC185BF00DDC065 /* muscleUITests.xctest */;
			productType = "com.apple.product-type.bundle.ui-testing";
		};
/* End PBXNativeTarget section */

/* Begin PBXProject section */
		A98532AB2BC185BD00DDC065 /* Project object */ = {
			isa = PBXProject;
			attributes = {
				BuildIndependentTargetsInParallel = 1;
				LastSwiftUpdateCheck = 1520;
				LastUpgradeCheck = 1520;
				TargetAttributes = {
					A98532B22BC185BD00DDC065 = {
						CreatedOnToolsVersion = 15.2;
					};
					A98532C62BC185BF00DDC065 = {
						CreatedOnToolsVersion = 15.2;
						TestTargetID = A98532B22BC185BD00DDC065;
					};
					A98532D02BC185BF00DDC065 = {
						CreatedOnToolsVersion = 15.2;
						TestTargetID = A98532B22BC185BD00DDC065;
					};
				};
			};
			buildConfigurationList = A98532AE2BC185BD00DDC065 /* Build configuration list for PBXProject "muscle" */;
			compatibilityVersion = "Xcode 14.0";
			developmentRegion = en;
			hasScannedForEncodings = 0;
			knownRegions = (
				en,
				Base,
			);
			mainGroup = A98532AA2BC185BD00DDC065;
			productRefGroup = A98532B42BC185BD00DDC065 /* Products */;
			projectDirPath = "";
			projectRoot = "";
			targets = (
				A98532B22BC185BD00DDC065 /* muscle */,
				A98532C62BC185BF00DDC065 /* muscleTests */,
				A98532D02BC185BF00DDC065 /* muscleUITests */,
			);
		};
/* End PBXProject section */

/* Begin PBXResourcesBuildPhase section */
		A98532B12BC185BD00DDC065 /* Resources */ = {
			isa = PBXResourcesBuildPhase;
			buildActionMask = 2147483647;
			files = (
				A98532C02BC185BF00DDC065 /* Preview Assets.xcassets in Resources */,
				A98532BD2BC185BF00DDC065 /* Assets.xcassets in Resources */,
			);
			runOnlyForDeploymentPostprocessing = 0;
		};
		A98532C52BC185BF00DDC065 /* Resources */ = {
			isa = PBXResourcesBuildPhase;
			buildActionMask = 2147483647;
			files = (
			);
			runOnlyForDeploymentPostprocessing = 0;
		};
		A98532CF2BC185BF00DDC065 /* Resources */ = {
			isa = PBXResourcesBuildPhase;
			buildActionMask = 2147483647;
			files = (
			);
			runOnlyForDeploymentPostprocessing = 0;
		};
/* End PBXResourcesBuildPhase section */

/* Begin PBXSourcesBuildPhase section */
		A98532AF2BC185BD00DDC065 /* Sources */ = {
			isa = PBXSourcesBuildPhase;
			buildActionMask = 2147483647;
			files = (
				A98532B92BC185BD00DDC065 /* ContentView.swift in Sources */,
				A98532BB2BC185BD00DDC065 /* Item.swift in Sources */,
				A98532B72BC185BD00DDC065 /* muscleApp.swift in Sources */,
			);
			runOnlyForDeploymentPostprocessing = 0;
		};
		A98532C32BC185BF00DDC065 /* Sources */ = {
			isa = PBXSourcesBuildPhase;
			buildActionMask = 2147483647;
			files = (
				A98532CC2BC185BF00DDC065 /* muscleTests.swift in Sources */,
			);
			runOnlyForDeploymentPostprocessing = 0;
		};
		A98532CD2BC185BF00DDC065 /* Sources */ = {
			isa = PBXSourcesBuildPhase;
			buildActionMask = 2147483647;
			files = (
				A98532D62BC185BF00DDC065 /* muscleUITests.swift in Sources */,
				A98532D82BC185BF00DDC065 /* muscleUITestsLaunchTests.swift in Sources */,
			);
			runOnlyForDeploymentPostprocessing = 0;
		};
/* End PBXSourcesBuildPhase section */

/* Begin PBXTargetDependency section */
		A98532C92BC185BF00DDC065 /* PBXTargetDependency */ = {
			isa = PBXTargetDependency;
			target = A98532B22BC185BD00DDC065 /* muscle */;
			targetProxy = A98532C82BC185BF00DDC065 /* PBXContainerItemProxy */;
		};
		A98532D32BC185BF00DDC065 /* PBXTargetDependency */ = {
			isa = PBXTargetDependency;
			target = A98532B22BC185BD00DDC065 /* muscle */;
			targetProxy = A98532D22BC185BF00DDC065 /* PBXContainerItemProxy */;
		};
/* End PBXTargetDependency section */

/* Begin XCBuildConfiguration section */
		A98532D92BC185BF00DDC065 /* Debug */ = {
			isa = XCBuildConfiguration;
			buildSettings = {
				ALWAYS_SEARCH_USER_PATHS = NO;
				ASSETCATALOG_COMPILER_GENERATE_SWIFT_ASSET_SYMBOL_EXTENSIONS = YES;
				CLANG_ANALYZER_NONNULL = YES;
				CLANG_ANALYZER_NUMBER_OBJECT_CONVERSION = YES_AGGRESSIVE;
				CLANG_CXX_LANGUAGE_STANDARD = "gnu++20";
				CLANG_ENABLE_MODULES = YES;
				CLANG_ENABLE_OBJC_ARC = YES;
				CLANG_ENABLE_OBJC_WEAK = YES;
				CLANG_WARN_BLOCK_CAPTURE_AUTORELEASING = YES;
				CLANG_WARN_BOOL_CONVERSION = YES;
				CLANG_WARN_COMMA = YES;
				CLANG_WARN_CONSTANT_CONVERSION = YES;
				CLANG_WARN_DEPRECATED_OBJC_IMPLEMENTATIONS = YES;
				CLANG_WARN_DIRECT_OBJC_ISA_USAGE = YES_ERROR;
				CLANG_WARN_DOCUMENTATION_COMMENTS = YES;
				CLANG_WARN_EMPTY_BODY = YES;
				CLANG_WARN_ENUM_CONVERSION = YES;
				CLANG_WARN_INFINITE_RECURSION = YES;
				CLANG_WARN_INT_CONVERSION = YES;
				CLANG_WARN_NON_LITERAL_NULL_CONVERSION = YES;
				CLANG_WARN_OBJC_IMPLICIT_RETAIN_SELF = YES;
				CLANG_WARN_OBJC_LITERAL_CONVERSION = YES;
				CLANG_WARN_OBJC_ROOT_CLASS = YES_ERROR;
				CLANG_WARN_QUOTED_INCLUDE_IN_FRAMEWORK_HEADER = YES;
				CLANG_WARN_RANGE_LOOP_ANALYSIS = YES;
				CLANG_WARN_STRICT_PROTOTYPES = YES;
				CLANG_WARN_SUSPICIOUS_MOVE = YES;
				CLANG_WARN_UNGUARDED_AVAILABILITY = YES_AGGRESSIVE;
				CLANG_WARN_UNREACHABLE_CODE = YES;
				CLANG_WARN__DUPLICATE_METHOD_MATCH = YES;
				COPY_PHASE_STRIP = NO;
				DEBUG_INFORMATION_FORMAT = dwarf;
				ENABLE_STRICT_OBJC_MSGSEND = YES;
				ENABLE_TESTABILITY = YES;
				ENABLE_USER_SCRIPT_SANDBOXING = YES;
				GCC_C_LANGUAGE_STANDARD = gnu17;
				GCC_DYNAMIC_NO_PIC = NO;
				GCC_NO_COMMON_BLOCKS = YES;
				GCC_OPTIMIZATION_LEVEL = 0;
				GCC_PREPROCESSOR_DEFINITIONS = (
					"DEBUG=1",
					"$(inherited)",
				);
				GCC_WARN_64_TO_32_BIT_CONVERSION = YES;
				GCC_WARN_ABOUT_RETURN_TYPE = YES_ERROR;
				GCC_WARN_UNDECLARED_SELECTOR = YES;
				GCC_WARN_UNINITIALIZED_AUTOS = YES_AGGRESSIVE;
				GCC_WARN_UNUSED_FUNCTION = YES;
				GCC_WARN_UNUSED_VARIABLE = YES;
				IPHONEOS_DEPLOYMENT_TARGET = 17.2;
				LOCALIZATION_PREFERS_STRING_CATALOGS = YES;
				MTL_ENABLE_DEBUG_INFO = INCLUDE_SOURCE;
				MTL_FAST_MATH = YES;
				ONLY_ACTIVE_ARCH = YES;
				SDKROOT = iphoneos;
				SWIFT_ACTIVE_COMPILATION_CONDITIONS = "DEBUG $(inherited)";
				SWIFT_OPTIMIZATION_LEVEL = "-Onone";
			};
			name = Debug;
		};
		A98532DA2BC185BF00DDC065 /* Release */ = {
			isa = XCBuildConfiguration;
			buildSettings = {
				ALWAYS_SEARCH_USER_PATHS = NO;
				ASSETCATALOG_COMPILER_GENERATE_SWIFT_ASSET_SYMBOL_EXTENSIONS = YES;
				CLANG_ANALYZER_NONNULL = YES;
				CLANG_ANALYZER_NUMBER_OBJECT_CONVERSION = YES_AGGRESSIVE;
				CLANG_CXX_LANGUAGE_STANDARD = "gnu++20";
				CLANG_ENABLE_MODULES = YES;
				CLANG_ENABLE_OBJC_ARC = YES;
				CLANG_ENABLE_OBJC_WEAK = YES;
				CLANG_WARN_BLOCK_CAPTURE_AUTORELEASING = YES;
				CLANG_WARN_BOOL_CONVERSION = YES;
				CLANG_WARN_COMMA = YES;
				CLANG_WARN_CONSTANT_CONVERSION = YES;
				CLANG_WARN_DEPRECATED_OBJC_IMPLEMENTATIONS = YES;
				CLANG_WARN_DIRECT_OBJC_ISA_USAGE = YES_ERROR;
				CLANG_WARN_DOCUMENTATION_COMMENTS = YES;
				CLANG_WARN_EMPTY_BODY = YES;
				CLANG_WARN_ENUM_CONVERSION = YES;
				CLANG_WARN_INFINITE_RECURSION = YES;
				CLANG_WARN_INT_CONVERSION = YES;
				CLANG_WARN_NON_LITERAL_NULL_CONVERSION = YES;
				CLANG_WARN_OBJC_IMPLICIT_RETAIN_SELF = YES;
				CLANG_WARN_OBJC_LITERAL_CONVERSION = YES;
				CLANG_WARN_OBJC_ROOT_CLASS = YES_ERROR;
				CLANG_WARN_QUOTED_INCLUDE_IN_FRAMEWORK_HEADER = YES;
				CLANG_WARN_RANGE_LOOP_ANALYSIS = YES;
				CLANG_WARN_STRICT_PROTOTYPES = YES;
				CLANG_WARN_SUSPICIOUS_MOVE = YES;
				CLANG_WARN_UNGUARDED_AVAILABILITY = YES_AGGRESSIVE;
				CLANG_WARN_UNREACHABLE_CODE = YES;
				CLANG_WARN__DUPLICATE_METHOD_MATCH = YES;
				COPY_PHASE_STRIP = NO;
				DEBUG_INFORMATION_FORMAT = "dwarf-with-dsym";
				ENABLE_NS_ASSERTIONS = NO;
				ENABLE_STRICT_OBJC_MSGSEND = YES;
				ENABLE_USER_SCRIPT_SANDBOXING = YES;
				GCC_C_LANGUAGE_STANDARD = gnu17;
				GCC_NO_COMMON_BLOCKS = YES;
				GCC_WARN_64_TO_32_BIT_CONVERSION = YES;
				GCC_WARN_ABOUT_RETURN_TYPE = YES_ERROR;
				GCC_WARN_UNDECLARED_SELECTOR = YES;
				GCC_WARN_UNINITIALIZED_AUTOS = YES_AGGRESSIVE;
				GCC_WARN_UNUSED_FUNCTION = YES;
				GCC_WARN_UNUSED_VARIABLE = YES;
				IPHONEOS_DEPLOYMENT_TARGET = 17.2;
				LOCALIZATION_PREFERS_STRING_CATALOGS = YES;
				MTL_ENABLE_DEBUG_INFO = NO;
				MTL_FAST_MATH = YES;
				SDKROOT = iphoneos;
				SWIFT_COMPILATION_MODE = wholemodule;
				VALIDATE_PRODUCT = YES;
			};
			name = Release;
		};
		A98532DC2BC185BF00DDC065 /* Debug */ = {
			isa = XCBuildConfiguration;
			buildSettings = {
				ASSETCATALOG_COMPILER_APPICON_NAME = AppIcon;
				ASSETCATALOG_COMPILER_GLOBAL_ACCENT_COLOR_NAME = AccentColor;
				CODE_SIGN_ENTITLEMENTS = muscle/muscle.entitlements;
				CODE_SIGN_STYLE = Automatic;
				CURRENT_PROJECT_VERSION = 1;
				DEVELOPMENT_ASSET_PATHS = "\"muscle/Preview Content\"";
				DEVELOPMENT_TEAM = WV8T9CN72V;
				ENABLE_PREVIEWS = YES;
				GENERATE_INFOPLIST_FILE = YES;
				INFOPLIST_FILE = muscle/Info.plist;
				INFOPLIST_KEY_UIApplicationSceneManifest_Generation = YES;
				INFOPLIST_KEY_UIApplicationSupportsIndirectInputEvents = YES;
				INFOPLIST_KEY_UILaunchScreen_Generation = YES;
				INFOPLIST_KEY_UISupportedInterfaceOrientations_iPad = "UIInterfaceOrientationPortrait UIInterfaceOrientationPortraitUpsideDown UIInterfaceOrientationLandscapeLeft UIInterfaceOrientationLandscapeRight";
				INFOPLIST_KEY_UISupportedInterfaceOrientations_iPhone = "UIInterfaceOrientationPortrait UIInterfaceOrientationLandscapeLeft UIInterfaceOrientationLandscapeRight";
				LD_RUNPATH_SEARCH_PATHS = (
					"$(inherited)",
					"@executable_path/Frameworks",
				);
				MARKETING_VERSION = 1.0;
				PRODUCT_BUNDLE_IDENTIFIER = zumepros.muscle;
				PRODUCT_NAME = "$(TARGET_NAME)";
				SWIFT_EMIT_LOC_STRINGS = YES;
				SWIFT_VERSION = 5.0;
				TARGETED_DEVICE_FAMILY = "1,2";
			};
			name = Debug;
		};
		A98532DD2BC185BF00DDC065 /* Release */ = {
			isa = XCBuildConfiguration;
			buildSettings = {
				ASSETCATALOG_COMPILER_APPICON_NAME = AppIcon;
				ASSETCATALOG_COMPILER_GLOBAL_ACCENT_COLOR_NAME = AccentColor;
				CODE_SIGN_ENTITLEMENTS = muscle/muscle.entitlements;
				CODE_SIGN_STYLE = Automatic;
				CURRENT_PROJECT_VERSION = 1;
				DEVELOPMENT_ASSET_PATHS = "\"muscle/Preview Content\"";
				DEVELOPMENT_TEAM = WV8T9CN72V;
				ENABLE_PREVIEWS = YES;
				GENERATE_INFOPLIST_FILE = YES;
				INFOPLIST_FILE = muscle/Info.plist;
				INFOPLIST_KEY_UIApplicationSceneManifest_Generation = YES;
				INFOPLIST_KEY_UIApplicationSupportsIndirectInputEvents = YES;
				INFOPLIST_KEY_UILaunchScreen_Generation = YES;
				INFOPLIST_KEY_UISupportedInterfaceOrientations_iPad = "UIInterfaceOrientationPortrait UIInterfaceOrientationPortraitUpsideDown UIInterfaceOrientationLandscapeLeft UIInterfaceOrientationLandscapeRight";
				INFOPLIST_KEY_UISupportedInterfaceOrientations_iPhone = "UIInterfaceOrientationPortrait UIInterfaceOrientationLandscapeLeft UIInterfaceOrientationLandscapeRight";
				LD_RUNPATH_SEARCH_PATHS = (
					"$(inherited)",
					"@executable_path/Frameworks",
				);
				MARKETING_VERSION = 1.0;
				PRODUCT_BUNDLE_IDENTIFIER = zumepros.muscle;
				PRODUCT_NAME = "$(TARGET_NAME)";
				SWIFT_EMIT_LOC_STRINGS = YES;
				SWIFT_VERSION = 5.0;
				TARGETED_DEVICE_FAMILY = "1,2";
			};
			name = Release;
		};
		A98532DF2BC185BF00DDC065 /* Debug */ = {
			isa = XCBuildConfiguration;
			buildSettings = {
				ALWAYS_EMBED_SWIFT_STANDARD_LIBRARIES = YES;
				BUNDLE_LOADER = "$(TEST_HOST)";
				CODE_SIGN_STYLE = Automatic;
				CURRENT_PROJECT_VERSION = 1;
				DEVELOPMENT_TEAM = WV8T9CN72V;
				GENERATE_INFOPLIST_FILE = YES;
				IPHONEOS_DEPLOYMENT_TARGET = 17.2;
				MARKETING_VERSION = 1.0;
				PRODUCT_BUNDLE_IDENTIFIER = zumepros.muscleTests;
				PRODUCT_NAME = "$(TARGET_NAME)";
				SWIFT_EMIT_LOC_STRINGS = NO;
				SWIFT_VERSION = 5.0;
				TARGETED_DEVICE_FAMILY = "1,2";
				TEST_HOST = "$(BUILT_PRODUCTS_DIR)/muscle.app/$(BUNDLE_EXECUTABLE_FOLDER_PATH)/muscle";
			};
			name = Debug;
		};
		A98532E02BC185BF00DDC065 /* Release */ = {
			isa = XCBuildConfiguration;
			buildSettings = {
				ALWAYS_EMBED_SWIFT_STANDARD_LIBRARIES = YES;
				BUNDLE_LOADER = "$(TEST_HOST)";
				CODE_SIGN_STYLE = Automatic;
				CURRENT_PROJECT_VERSION = 1;
				DEVELOPMENT_TEAM = WV8T9CN72V;
				GENERATE_INFOPLIST_FILE = YES;
				IPHONEOS_DEPLOYMENT_TARGET = 17.2;
				MARKETING_VERSION = 1.0;
				PRODUCT_BUNDLE_IDENTIFIER = zumepros.muscleTests;
				PRODUCT_NAME = "$(TARGET_NAME)";
				SWIFT_EMIT_LOC_STRINGS = NO;
				SWIFT_VERSION = 5.0;
				TARGETED_DEVICE_FAMILY = "1,2";
				TEST_HOST = "$(BUILT_PRODUCTS_DIR)/muscle.app/$(BUNDLE_EXECUTABLE_FOLDER_PATH)/muscle";
			};
			name = Release;
		};
		A98532E22BC185BF00DDC065 /* Debug */ = {
			isa = XCBuildConfiguration;
			buildSettings = {
				ALWAYS_EMBED_SWIFT_STANDARD_LIBRARIES = YES;
				CODE_SIGN_STYLE = Automatic;
				CURRENT_PROJECT_VERSION = 1;
				DEVELOPMENT_TEAM = WV8T9CN72V;
				GENERATE_INFOPLIST_FILE = YES;
				MARKETING_VERSION = 1.0;
				PRODUCT_BUNDLE_IDENTIFIER = zumepros.muscleUITests;
				PRODUCT_NAME = "$(TARGET_NAME)";
				SWIFT_EMIT_LOC_STRINGS = NO;
				SWIFT_VERSION = 5.0;
				TARGETED_DEVICE_FAMILY = "1,2";
				TEST_TARGET_NAME = muscle;
			};
			name = Debug;
		};
		A98532E32BC185BF00DDC065 /* Release */ = {
			isa = XCBuildConfiguration;
			buildSettings = {
				ALWAYS_EMBED_SWIFT_STANDARD_LIBRARIES = YES;
				CODE_SIGN_STYLE = Automatic;
				CURRENT_PROJECT_VERSION = 1;
				DEVELOPMENT_TEAM = WV8T9CN72V;
				GENERATE_INFOPLIST_FILE = YES;
				MARKETING_VERSION = 1.0;
				PRODUCT_BUNDLE_IDENTIFIER = zumepros.muscleUITests;
				PRODUCT_NAME = "$(TARGET_NAME)";
				SWIFT_EMIT_LOC_STRINGS = NO;
				SWIFT_VERSION = 5.0;
				TARGETED_DEVICE_FAMILY = "1,2";
				TEST_TARGET_NAME = muscle;
			};
			name = Release;
		};
/* End XCBuildConfiguration section */

/* Begin XCConfigurationList section */
		A98532AE2BC185BD00DDC065 /* Build configuration list for PBXProject "muscle" */ = {
			isa = XCConfigurationList;
			buildConfigurations = (
				A98532D92BC185BF00DDC065 /* Debug */,
				A98532DA2BC185BF00DDC065 /* Release */,
			);
			defaultConfigurationIsVisible = 0;
			defaultConfigurationName = Release;
		};
		A98532DB2BC185BF00DDC065 /* Build configuration list for PBXNativeTarget "muscle" */ = {
			isa = XCConfigurationList;
			buildConfigurations = (
				A98532DC2BC185BF00DDC065 /* Debug */,
				A98532DD2BC185BF00DDC065 /* Release */,
			);
			defaultConfigurationIsVisible = 0;
			defaultConfigurationName = Release;
		};
		A98532DE2BC185BF00DDC065 /* Build configuration list for PBXNativeTarget "muscleTests" */ = {
			isa = XCConfigurationList;
			buildConfigurations = (
				A98532DF2BC185BF00DDC065 /* Debug */,
				A98532E02BC185BF00DDC065 /* Release */,
			);
			defaultConfigurationIsVisible = 0;
			defaultConfigurationName = Release;
		};
		A98532E12BC185BF00DDC065 /* Build configuration list for PBXNativeTarget "muscleUITests" */ = {
			isa = XCConfigurationList;
			buildConfigurations = (
				A98532E22BC185BF00DDC065 /* Debug */,
				A98532E32BC185BF00DDC065 /* Release */,
			);
			defaultConfigurationIsVisible = 0;
			defaultConfigurationName = Release;
		};
/* End XCConfigurationList section */
	};
	rootObject = A98532AB2BC185BD00DDC065 /* Project object */;
}
